
Microsoft Visual Studio Solution File, Format Version 12.00
# Visual Studio 14
VisualStudioVersion = 14.0.25420.1
MinimumVisualStudioVersion = 10.0.40219.1
Project("{FAE04EC0-301F-11D3-BF4B-00C04F79EFBC}") = "UNP", "UNP\UNP.csproj", "{9EEB0FE1-D91D-4AB9-BFC6-A5A70CEFE1DA}"
EndProject
Project("{FAE04EC0-301F-11D3-BF4B-00C04F79EFBC}") = "MoleTask", "MoleTask\MoleTask.csproj", "{C45C2615-CDDB-414A-AB61-8ADF87666F55}"
EndProject
Project("{FAE04EC0-301F-11D3-BF4B-00C04F79EFBC}") = "EmptyTask", "EmptyTask\EmptyTask.csproj", "{6D5159E9-B2FF-4AE8-A1FC-132102B4A6C8}"
EndProject
Project("{FAE04EC0-301F-11D3-BF4B-00C04F79EFBC}") = "FollowTask", "FollowTask\FollowTask.csproj", "{8943102E-4503-4AC5-ACF1-B26376078694}"
EndProject
Project("{FAE04EC0-301F-11D3-BF4B-00C04F79EFBC}") = "SharpFont", "SharpFont\SharpFont.csproj", "{C293DB32-FA42-486D-B128-5A12522FAE4E}"
EndProject
Project("{FAE04EC0-301F-11D3-BF4B-00C04F79EFBC}") = "UNPMenu", "UNPMenu\UNPMenu.csproj", "{491F7CF3-F0E2-4E87-B610-9E938D998436}"
EndProject
Project("{FAE04EC0-301F-11D3-BF4B-00C04F79EFBC}") = "UNPLogReader", "UNPLogReader\UNPLogReader.csproj", "{D4180529-472C-45B1-B934-A9B41B50CCE5}"
EndProject
Project("{FAE04EC0-301F-11D3-BF4B-00C04F79EFBC}") = "CursorTask", "CursorTask\CursorTask.csproj", "{D5997AAB-8A79-4A15-BC2F-950EC57DC827}"
EndProject
Project("{FAE04EC0-301F-11D3-BF4B-00C04F79EFBC}") = "LocalizerTask", "LocalizerTask\LocalizerTask.csproj", "{BABDC7D5-AFA0-4248-BBFB-4D002DC3E047}"
EndProject
Global
	GlobalSection(SharedMSBuildProjectFiles) = preSolution
		SharpFontShared\SharpFontShared.projitems*{c293db32-fa42-486d-b128-5a12522fae4e}*SharedItemsImports = 4
	EndGlobalSection
	GlobalSection(SolutionConfigurationPlatforms) = preSolution
		Debug|Any CPU = Debug|Any CPU
		Debug|Mixed Platforms = Debug|Mixed Platforms
		Debug|Win32 = Debug|Win32
		Debug|x64 = Debug|x64
		MinSizeRel|Any CPU = MinSizeRel|Any CPU
		MinSizeRel|Mixed Platforms = MinSizeRel|Mixed Platforms
		MinSizeRel|Win32 = MinSizeRel|Win32
		MinSizeRel|x64 = MinSizeRel|x64
		Release|Any CPU = Release|Any CPU
		Release|Mixed Platforms = Release|Mixed Platforms
		Release|Win32 = Release|Win32
		Release|x64 = Release|x64
		RelWithDebInfo|Any CPU = RelWithDebInfo|Any CPU
		RelWithDebInfo|Mixed Platforms = RelWithDebInfo|Mixed Platforms
		RelWithDebInfo|Win32 = RelWithDebInfo|Win32
		RelWithDebInfo|x64 = RelWithDebInfo|x64
	EndGlobalSection
	GlobalSection(ProjectConfigurationPlatforms) = postSolution
		{9EEB0FE1-D91D-4AB9-BFC6-A5A70CEFE1DA}.Debug|Any CPU.ActiveCfg = Debug|Any CPU
		{9EEB0FE1-D91D-4AB9-BFC6-A5A70CEFE1DA}.Debug|Any CPU.Build.0 = Debug|Any CPU
		{9EEB0FE1-D91D-4AB9-BFC6-A5A70CEFE1DA}.Debug|Mixed Platforms.ActiveCfg = Debug|Any CPU
		{9EEB0FE1-D91D-4AB9-BFC6-A5A70CEFE1DA}.Debug|Mixed Platforms.Build.0 = Debug|Any CPU
		{9EEB0FE1-D91D-4AB9-BFC6-A5A70CEFE1DA}.Debug|Win32.ActiveCfg = Debug|Any CPU
		{9EEB0FE1-D91D-4AB9-BFC6-A5A70CEFE1DA}.Debug|Win32.Build.0 = Debug|Any CPU
		{9EEB0FE1-D91D-4AB9-BFC6-A5A70CEFE1DA}.Debug|x64.ActiveCfg = Debug|Any CPU
		{9EEB0FE1-D91D-4AB9-BFC6-A5A70CEFE1DA}.MinSizeRel|Any CPU.ActiveCfg = Release|Any CPU
		{9EEB0FE1-D91D-4AB9-BFC6-A5A70CEFE1DA}.MinSizeRel|Any CPU.Build.0 = Release|Any CPU
		{9EEB0FE1-D91D-4AB9-BFC6-A5A70CEFE1DA}.MinSizeRel|Mixed Platforms.ActiveCfg = Release|Any CPU
		{9EEB0FE1-D91D-4AB9-BFC6-A5A70CEFE1DA}.MinSizeRel|Mixed Platforms.Build.0 = Release|Any CPU
		{9EEB0FE1-D91D-4AB9-BFC6-A5A70CEFE1DA}.MinSizeRel|Win32.ActiveCfg = Release|Any CPU
		{9EEB0FE1-D91D-4AB9-BFC6-A5A70CEFE1DA}.MinSizeRel|x64.ActiveCfg = Release|Any CPU
		{9EEB0FE1-D91D-4AB9-BFC6-A5A70CEFE1DA}.Release|Any CPU.ActiveCfg = Release|Any CPU
		{9EEB0FE1-D91D-4AB9-BFC6-A5A70CEFE1DA}.Release|Any CPU.Build.0 = Release|Any CPU
		{9EEB0FE1-D91D-4AB9-BFC6-A5A70CEFE1DA}.Release|Mixed Platforms.ActiveCfg = Release|Any CPU
		{9EEB0FE1-D91D-4AB9-BFC6-A5A70CEFE1DA}.Release|Mixed Platforms.Build.0 = Release|Any CPU
		{9EEB0FE1-D91D-4AB9-BFC6-A5A70CEFE1DA}.Release|Win32.ActiveCfg = Release|Any CPU
		{9EEB0FE1-D91D-4AB9-BFC6-A5A70CEFE1DA}.Release|Win32.Build.0 = Release|Any CPU
		{9EEB0FE1-D91D-4AB9-BFC6-A5A70CEFE1DA}.Release|x64.ActiveCfg = Release|Any CPU
		{9EEB0FE1-D91D-4AB9-BFC6-A5A70CEFE1DA}.RelWithDebInfo|Any CPU.ActiveCfg = Release|Any CPU
		{9EEB0FE1-D91D-4AB9-BFC6-A5A70CEFE1DA}.RelWithDebInfo|Any CPU.Build.0 = Release|Any CPU
		{9EEB0FE1-D91D-4AB9-BFC6-A5A70CEFE1DA}.RelWithDebInfo|Mixed Platforms.ActiveCfg = Release|Any CPU
		{9EEB0FE1-D91D-4AB9-BFC6-A5A70CEFE1DA}.RelWithDebInfo|Mixed Platforms.Build.0 = Release|Any CPU
		{9EEB0FE1-D91D-4AB9-BFC6-A5A70CEFE1DA}.RelWithDebInfo|Win32.ActiveCfg = Release|Any CPU
		{9EEB0FE1-D91D-4AB9-BFC6-A5A70CEFE1DA}.RelWithDebInfo|x64.ActiveCfg = Release|Any CPU
		{C45C2615-CDDB-414A-AB61-8ADF87666F55}.Debug|Any CPU.ActiveCfg = Debug|Any CPU
		{C45C2615-CDDB-414A-AB61-8ADF87666F55}.Debug|Any CPU.Build.0 = Debug|Any CPU
		{C45C2615-CDDB-414A-AB61-8ADF87666F55}.Debug|Mixed Platforms.ActiveCfg = Debug|Any CPU
		{C45C2615-CDDB-414A-AB61-8ADF87666F55}.Debug|Mixed Platforms.Build.0 = Debug|Any CPU
		{C45C2615-CDDB-414A-AB61-8ADF87666F55}.Debug|Win32.ActiveCfg = Debug|Any CPU
		{C45C2615-CDDB-414A-AB61-8ADF87666F55}.Debug|x64.ActiveCfg = Debug|Any CPU
		{C45C2615-CDDB-414A-AB61-8ADF87666F55}.MinSizeRel|Any CPU.ActiveCfg = Release|Any CPU
		{C45C2615-CDDB-414A-AB61-8ADF87666F55}.MinSizeRel|Any CPU.Build.0 = Release|Any CPU
		{C45C2615-CDDB-414A-AB61-8ADF87666F55}.MinSizeRel|Mixed Platforms.ActiveCfg = Release|Any CPU
		{C45C2615-CDDB-414A-AB61-8ADF87666F55}.MinSizeRel|Mixed Platforms.Build.0 = Release|Any CPU
		{C45C2615-CDDB-414A-AB61-8ADF87666F55}.MinSizeRel|Win32.ActiveCfg = Release|Any CPU
		{C45C2615-CDDB-414A-AB61-8ADF87666F55}.MinSizeRel|x64.ActiveCfg = Release|Any CPU
		{C45C2615-CDDB-414A-AB61-8ADF87666F55}.Release|Any CPU.ActiveCfg = Release|Any CPU
		{C45C2615-CDDB-414A-AB61-8ADF87666F55}.Release|Any CPU.Build.0 = Release|Any CPU
		{C45C2615-CDDB-414A-AB61-8ADF87666F55}.Release|Mixed Platforms.ActiveCfg = Release|Any CPU
		{C45C2615-CDDB-414A-AB61-8ADF87666F55}.Release|Mixed Platforms.Build.0 = Release|Any CPU
		{C45C2615-CDDB-414A-AB61-8ADF87666F55}.Release|Win32.ActiveCfg = Release|Any CPU
		{C45C2615-CDDB-414A-AB61-8ADF87666F55}.Release|x64.ActiveCfg = Release|Any CPU
		{C45C2615-CDDB-414A-AB61-8ADF87666F55}.RelWithDebInfo|Any CPU.ActiveCfg = Release|Any CPU
		{C45C2615-CDDB-414A-AB61-8ADF87666F55}.RelWithDebInfo|Any CPU.Build.0 = Release|Any CPU
		{C45C2615-CDDB-414A-AB61-8ADF87666F55}.RelWithDebInfo|Mixed Platforms.ActiveCfg = Release|Any CPU
		{C45C2615-CDDB-414A-AB61-8ADF87666F55}.RelWithDebInfo|Mixed Platforms.Build.0 = Release|Any CPU
		{C45C2615-CDDB-414A-AB61-8ADF87666F55}.RelWithDebInfo|Win32.ActiveCfg = Release|Any CPU
		{C45C2615-CDDB-414A-AB61-8ADF87666F55}.RelWithDebInfo|x64.ActiveCfg = Release|Any CPU
		{6D5159E9-B2FF-4AE8-A1FC-132102B4A6C8}.Debug|Any CPU.ActiveCfg = Debug|Any CPU
		{6D5159E9-B2FF-4AE8-A1FC-132102B4A6C8}.Debug|Any CPU.Build.0 = Debug|Any CPU
		{6D5159E9-B2FF-4AE8-A1FC-132102B4A6C8}.Debug|Mixed Platforms.ActiveCfg = Debug|Any CPU
		{6D5159E9-B2FF-4AE8-A1FC-132102B4A6C8}.Debug|Mixed Platforms.Build.0 = Debug|Any CPU
		{6D5159E9-B2FF-4AE8-A1FC-132102B4A6C8}.Debug|Win32.ActiveCfg = Debug|Any CPU
		{6D5159E9-B2FF-4AE8-A1FC-132102B4A6C8}.Debug|x64.ActiveCfg = Debug|Any CPU
		{6D5159E9-B2FF-4AE8-A1FC-132102B4A6C8}.MinSizeRel|Any CPU.ActiveCfg = Release|Any CPU
		{6D5159E9-B2FF-4AE8-A1FC-132102B4A6C8}.MinSizeRel|Any CPU.Build.0 = Release|Any CPU
		{6D5159E9-B2FF-4AE8-A1FC-132102B4A6C8}.MinSizeRel|Mixed Platforms.ActiveCfg = Release|Any CPU
		{6D5159E9-B2FF-4AE8-A1FC-132102B4A6C8}.MinSizeRel|Mixed Platforms.Build.0 = Release|Any CPU
		{6D5159E9-B2FF-4AE8-A1FC-132102B4A6C8}.MinSizeRel|Win32.ActiveCfg = Release|Any CPU
		{6D5159E9-B2FF-4AE8-A1FC-132102B4A6C8}.MinSizeRel|x64.ActiveCfg = Release|Any CPU
		{6D5159E9-B2FF-4AE8-A1FC-132102B4A6C8}.Release|Any CPU.ActiveCfg = Release|Any CPU
		{6D5159E9-B2FF-4AE8-A1FC-132102B4A6C8}.Release|Any CPU.Build.0 = Release|Any CPU
		{6D5159E9-B2FF-4AE8-A1FC-132102B4A6C8}.Release|Mixed Platforms.ActiveCfg = Release|Any CPU
		{6D5159E9-B2FF-4AE8-A1FC-132102B4A6C8}.Release|Mixed Platforms.Build.0 = Release|Any CPU
		{6D5159E9-B2FF-4AE8-A1FC-132102B4A6C8}.Release|Win32.ActiveCfg = Release|Any CPU
		{6D5159E9-B2FF-4AE8-A1FC-132102B4A6C8}.Release|x64.ActiveCfg = Release|Any CPU
		{6D5159E9-B2FF-4AE8-A1FC-132102B4A6C8}.RelWithDebInfo|Any CPU.ActiveCfg = Release|Any CPU
		{6D5159E9-B2FF-4AE8-A1FC-132102B4A6C8}.RelWithDebInfo|Any CPU.Build.0 = Release|Any CPU
		{6D5159E9-B2FF-4AE8-A1FC-132102B4A6C8}.RelWithDebInfo|Mixed Platforms.ActiveCfg = Release|Any CPU
		{6D5159E9-B2FF-4AE8-A1FC-132102B4A6C8}.RelWithDebInfo|Mixed Platforms.Build.0 = Release|Any CPU
		{6D5159E9-B2FF-4AE8-A1FC-132102B4A6C8}.RelWithDebInfo|Win32.ActiveCfg = Release|Any CPU
		{6D5159E9-B2FF-4AE8-A1FC-132102B4A6C8}.RelWithDebInfo|x64.ActiveCfg = Release|Any CPU
		{8943102E-4503-4AC5-ACF1-B26376078694}.Debug|Any CPU.ActiveCfg = Debug|Any CPU
		{8943102E-4503-4AC5-ACF1-B26376078694}.Debug|Any CPU.Build.0 = Debug|Any CPU
		{8943102E-4503-4AC5-ACF1-B26376078694}.Debug|Mixed Platforms.ActiveCfg = Debug|Any CPU
		{8943102E-4503-4AC5-ACF1-B26376078694}.Debug|Mixed Platforms.Build.0 = Debug|Any CPU
		{8943102E-4503-4AC5-ACF1-B26376078694}.Debug|Win32.ActiveCfg = Debug|Any CPU
		{8943102E-4503-4AC5-ACF1-B26376078694}.Debug|x64.ActiveCfg = Debug|Any CPU
		{8943102E-4503-4AC5-ACF1-B26376078694}.MinSizeRel|Any CPU.ActiveCfg = Release|Any CPU
		{8943102E-4503-4AC5-ACF1-B26376078694}.MinSizeRel|Any CPU.Build.0 = Release|Any CPU
		{8943102E-4503-4AC5-ACF1-B26376078694}.MinSizeRel|Mixed Platforms.ActiveCfg = Release|Any CPU
		{8943102E-4503-4AC5-ACF1-B26376078694}.MinSizeRel|Mixed Platforms.Build.0 = Release|Any CPU
		{8943102E-4503-4AC5-ACF1-B26376078694}.MinSizeRel|Win32.ActiveCfg = Release|Any CPU
		{8943102E-4503-4AC5-ACF1-B26376078694}.MinSizeRel|x64.ActiveCfg = Release|Any CPU
		{8943102E-4503-4AC5-ACF1-B26376078694}.Release|Any CPU.ActiveCfg = Release|Any CPU
		{8943102E-4503-4AC5-ACF1-B26376078694}.Release|Any CPU.Build.0 = Release|Any CPU
		{8943102E-4503-4AC5-ACF1-B26376078694}.Release|Mixed Platforms.ActiveCfg = Release|Any CPU
		{8943102E-4503-4AC5-ACF1-B26376078694}.Release|Mixed Platforms.Build.0 = Release|Any CPU
		{8943102E-4503-4AC5-ACF1-B26376078694}.Release|Win32.ActiveCfg = Release|Any CPU
		{8943102E-4503-4AC5-ACF1-B26376078694}.Release|x64.ActiveCfg = Release|Any CPU
		{8943102E-4503-4AC5-ACF1-B26376078694}.RelWithDebInfo|Any CPU.ActiveCfg = Release|Any CPU
		{8943102E-4503-4AC5-ACF1-B26376078694}.RelWithDebInfo|Any CPU.Build.0 = Release|Any CPU
		{8943102E-4503-4AC5-ACF1-B26376078694}.RelWithDebInfo|Mixed Platforms.ActiveCfg = Release|Any CPU
		{8943102E-4503-4AC5-ACF1-B26376078694}.RelWithDebInfo|Mixed Platforms.Build.0 = Release|Any CPU
		{8943102E-4503-4AC5-ACF1-B26376078694}.RelWithDebInfo|Win32.ActiveCfg = Release|Any CPU
		{8943102E-4503-4AC5-ACF1-B26376078694}.RelWithDebInfo|x64.ActiveCfg = Release|Any CPU
		{C293DB32-FA42-486D-B128-5A12522FAE4E}.Debug|Any CPU.ActiveCfg = Debug|Any CPU
		{C293DB32-FA42-486D-B128-5A12522FAE4E}.Debug|Any CPU.Build.0 = Debug|Any CPU
		{C293DB32-FA42-486D-B128-5A12522FAE4E}.Debug|Mixed Platforms.ActiveCfg = Debug|Any CPU
		{C293DB32-FA42-486D-B128-5A12522FAE4E}.Debug|Mixed Platforms.Build.0 = Debug|Any CPU
		{C293DB32-FA42-486D-B128-5A12522FAE4E}.Debug|Win32.ActiveCfg = Debug|Any CPU
		{C293DB32-FA42-486D-B128-5A12522FAE4E}.Debug|x64.ActiveCfg = Debug|Any CPU
		{C293DB32-FA42-486D-B128-5A12522FAE4E}.MinSizeRel|Any CPU.ActiveCfg = Release|Any CPU
		{C293DB32-FA42-486D-B128-5A12522FAE4E}.MinSizeRel|Any CPU.Build.0 = Release|Any CPU
		{C293DB32-FA42-486D-B128-5A12522FAE4E}.MinSizeRel|Mixed Platforms.ActiveCfg = Release|Any CPU
		{C293DB32-FA42-486D-B128-5A12522FAE4E}.MinSizeRel|Mixed Platforms.Build.0 = Release|Any CPU
		{C293DB32-FA42-486D-B128-5A12522FAE4E}.MinSizeRel|Win32.ActiveCfg = Release|Any CPU
		{C293DB32-FA42-486D-B128-5A12522FAE4E}.MinSizeRel|x64.ActiveCfg = Release|Any CPU
		{C293DB32-FA42-486D-B128-5A12522FAE4E}.Release|Any CPU.ActiveCfg = Release|Any CPU
		{C293DB32-FA42-486D-B128-5A12522FAE4E}.Release|Any CPU.Build.0 = Release|Any CPU
		{C293DB32-FA42-486D-B128-5A12522FAE4E}.Release|Mixed Platforms.ActiveCfg = Release|Any CPU
		{C293DB32-FA42-486D-B128-5A12522FAE4E}.Release|Mixed Platforms.Build.0 = Release|Any CPU
		{C293DB32-FA42-486D-B128-5A12522FAE4E}.Release|Win32.ActiveCfg = Release|Any CPU
		{C293DB32-FA42-486D-B128-5A12522FAE4E}.Release|x64.ActiveCfg = Release|Any CPU
		{C293DB32-FA42-486D-B128-5A12522FAE4E}.RelWithDebInfo|Any CPU.ActiveCfg = Release|Any CPU
		{C293DB32-FA42-486D-B128-5A12522FAE4E}.RelWithDebInfo|Any CPU.Build.0 = Release|Any CPU
		{C293DB32-FA42-486D-B128-5A12522FAE4E}.RelWithDebInfo|Mixed Platforms.ActiveCfg = Release|Any CPU
		{C293DB32-FA42-486D-B128-5A12522FAE4E}.RelWithDebInfo|Mixed Platforms.Build.0 = Release|Any CPU
		{C293DB32-FA42-486D-B128-5A12522FAE4E}.RelWithDebInfo|Win32.ActiveCfg = Release|Any CPU
		{C293DB32-FA42-486D-B128-5A12522FAE4E}.RelWithDebInfo|x64.ActiveCfg = Release|Any CPU
		{491F7CF3-F0E2-4E87-B610-9E938D998436}.Debug|Any CPU.ActiveCfg = Debug|Any CPU
		{491F7CF3-F0E2-4E87-B610-9E938D998436}.Debug|Any CPU.Build.0 = Debug|Any CPU
		{491F7CF3-F0E2-4E87-B610-9E938D998436}.Debug|Mixed Platforms.ActiveCfg = Debug|Any CPU
		{491F7CF3-F0E2-4E87-B610-9E938D998436}.Debug|Mixed Platforms.Build.0 = Debug|Any CPU
		{491F7CF3-F0E2-4E87-B610-9E938D998436}.Debug|Win32.ActiveCfg = Debug|Any CPU
		{491F7CF3-F0E2-4E87-B610-9E938D998436}.Debug|x64.ActiveCfg = Debug|Any CPU
		{491F7CF3-F0E2-4E87-B610-9E938D998436}.MinSizeRel|Any CPU.ActiveCfg = Release|Any CPU
		{491F7CF3-F0E2-4E87-B610-9E938D998436}.MinSizeRel|Any CPU.Build.0 = Release|Any CPU
		{491F7CF3-F0E2-4E87-B610-9E938D998436}.MinSizeRel|Mixed Platforms.ActiveCfg = Release|Any CPU
		{491F7CF3-F0E2-4E87-B610-9E938D998436}.MinSizeRel|Mixed Platforms.Build.0 = Release|Any CPU
		{491F7CF3-F0E2-4E87-B610-9E938D998436}.MinSizeRel|Win32.ActiveCfg = Release|Any CPU
		{491F7CF3-F0E2-4E87-B610-9E938D998436}.MinSizeRel|x64.ActiveCfg = Release|Any CPU
		{491F7CF3-F0E2-4E87-B610-9E938D998436}.Release|Any CPU.ActiveCfg = Release|Any CPU
		{491F7CF3-F0E2-4E87-B610-9E938D998436}.Release|Any CPU.Build.0 = Release|Any CPU
		{491F7CF3-F0E2-4E87-B610-9E938D998436}.Release|Mixed Platforms.ActiveCfg = Release|Any CPU
		{491F7CF3-F0E2-4E87-B610-9E938D998436}.Release|Mixed Platforms.Build.0 = Release|Any CPU
		{491F7CF3-F0E2-4E87-B610-9E938D998436}.Release|Win32.ActiveCfg = Release|Any CPU
		{491F7CF3-F0E2-4E87-B610-9E938D998436}.Release|x64.ActiveCfg = Release|Any CPU
		{491F7CF3-F0E2-4E87-B610-9E938D998436}.RelWithDebInfo|Any CPU.ActiveCfg = Release|Any CPU
		{491F7CF3-F0E2-4E87-B610-9E938D998436}.RelWithDebInfo|Any CPU.Build.0 = Release|Any CPU
		{491F7CF3-F0E2-4E87-B610-9E938D998436}.RelWithDebInfo|Mixed Platforms.ActiveCfg = Release|Any CPU
		{491F7CF3-F0E2-4E87-B610-9E938D998436}.RelWithDebInfo|Mixed Platforms.Build.0 = Release|Any CPU
		{491F7CF3-F0E2-4E87-B610-9E938D998436}.RelWithDebInfo|Win32.ActiveCfg = Release|Any CPU
		{491F7CF3-F0E2-4E87-B610-9E938D998436}.RelWithDebInfo|x64.ActiveCfg = Release|Any CPU
		{D4180529-472C-45B1-B934-A9B41B50CCE5}.Debug|Any CPU.ActiveCfg = Debug|Any CPU
		{D4180529-472C-45B1-B934-A9B41B50CCE5}.Debug|Any CPU.Build.0 = Debug|Any CPU
		{D4180529-472C-45B1-B934-A9B41B50CCE5}.Debug|Mixed Platforms.ActiveCfg = Debug|Any CPU
		{D4180529-472C-45B1-B934-A9B41B50CCE5}.Debug|Mixed Platforms.Build.0 = Debug|Any CPU
		{D4180529-472C-45B1-B934-A9B41B50CCE5}.Debug|Win32.ActiveCfg = Debug|Any CPU
		{D4180529-472C-45B1-B934-A9B41B50CCE5}.Debug|Win32.Build.0 = Debug|Any CPU
		{D4180529-472C-45B1-B934-A9B41B50CCE5}.Debug|x64.ActiveCfg = Debug|Any CPU
		{D4180529-472C-45B1-B934-A9B41B50CCE5}.Debug|x64.Build.0 = Debug|Any CPU
		{D4180529-472C-45B1-B934-A9B41B50CCE5}.MinSizeRel|Any CPU.ActiveCfg = Release|Any CPU
		{D4180529-472C-45B1-B934-A9B41B50CCE5}.MinSizeRel|Any CPU.Build.0 = Release|Any CPU
		{D4180529-472C-45B1-B934-A9B41B50CCE5}.MinSizeRel|Mixed Platforms.ActiveCfg = Release|Any CPU
		{D4180529-472C-45B1-B934-A9B41B50CCE5}.MinSizeRel|Mixed Platforms.Build.0 = Release|Any CPU
		{D4180529-472C-45B1-B934-A9B41B50CCE5}.MinSizeRel|Win32.ActiveCfg = Release|Any CPU
		{D4180529-472C-45B1-B934-A9B41B50CCE5}.MinSizeRel|Win32.Build.0 = Release|Any CPU
		{D4180529-472C-45B1-B934-A9B41B50CCE5}.MinSizeRel|x64.ActiveCfg = Release|Any CPU
		{D4180529-472C-45B1-B934-A9B41B50CCE5}.MinSizeRel|x64.Build.0 = Release|Any CPU
		{D4180529-472C-45B1-B934-A9B41B50CCE5}.Release|Any CPU.ActiveCfg = Release|Any CPU
		{D4180529-472C-45B1-B934-A9B41B50CCE5}.Release|Any CPU.Build.0 = Release|Any CPU
		{D4180529-472C-45B1-B934-A9B41B50CCE5}.Release|Mixed Platforms.ActiveCfg = Release|Any CPU
		{D4180529-472C-45B1-B934-A9B41B50CCE5}.Release|Mixed Platforms.Build.0 = Release|Any CPU
		{D4180529-472C-45B1-B934-A9B41B50CCE5}.Release|Win32.ActiveCfg = Release|Any CPU
		{D4180529-472C-45B1-B934-A9B41B50CCE5}.Release|Win32.Build.0 = Release|Any CPU
		{D4180529-472C-45B1-B934-A9B41B50CCE5}.Release|x64.ActiveCfg = Release|Any CPU
		{D4180529-472C-45B1-B934-A9B41B50CCE5}.Release|x64.Build.0 = Release|Any CPU
		{D4180529-472C-45B1-B934-A9B41B50CCE5}.RelWithDebInfo|Any CPU.ActiveCfg = Release|Any CPU
		{D4180529-472C-45B1-B934-A9B41B50CCE5}.RelWithDebInfo|Any CPU.Build.0 = Release|Any CPU
		{D4180529-472C-45B1-B934-A9B41B50CCE5}.RelWithDebInfo|Mixed Platforms.ActiveCfg = Release|Any CPU
		{D4180529-472C-45B1-B934-A9B41B50CCE5}.RelWithDebInfo|Mixed Platforms.Build.0 = Release|Any CPU
		{D4180529-472C-45B1-B934-A9B41B50CCE5}.RelWithDebInfo|Win32.ActiveCfg = Release|Any CPU
		{D4180529-472C-45B1-B934-A9B41B50CCE5}.RelWithDebInfo|Win32.Build.0 = Release|Any CPU
		{D4180529-472C-45B1-B934-A9B41B50CCE5}.RelWithDebInfo|x64.ActiveCfg = Release|Any CPU
		{D4180529-472C-45B1-B934-A9B41B50CCE5}.RelWithDebInfo|x64.Build.0 = Release|Any CPU
		{D5997AAB-8A79-4A15-BC2F-950EC57DC827}.Debug|Any CPU.ActiveCfg = Debug|Any CPU
		{D5997AAB-8A79-4A15-BC2F-950EC57DC827}.Debug|Any CPU.Build.0 = Debug|Any CPU
		{D5997AAB-8A79-4A15-BC2F-950EC57DC827}.Debug|Mixed Platforms.ActiveCfg = Debug|Any CPU
		{D5997AAB-8A79-4A15-BC2F-950EC57DC827}.Debug|Mixed Platforms.Build.0 = Debug|Any CPU
		{D5997AAB-8A79-4A15-BC2F-950EC57DC827}.Debug|Win32.ActiveCfg = Debug|Any CPU
		{D5997AAB-8A79-4A15-BC2F-950EC57DC827}.Debug|Win32.Build.0 = Debug|Any CPU
		{D5997AAB-8A79-4A15-BC2F-950EC57DC827}.Debug|x64.ActiveCfg = Debug|Any CPU
		{D5997AAB-8A79-4A15-BC2F-950EC57DC827}.Debug|x64.Build.0 = Debug|Any CPU
		{D5997AAB-8A79-4A15-BC2F-950EC57DC827}.MinSizeRel|Any CPU.ActiveCfg = Release|Any CPU
		{D5997AAB-8A79-4A15-BC2F-950EC57DC827}.MinSizeRel|Any CPU.Build.0 = Release|Any CPU
		{D5997AAB-8A79-4A15-BC2F-950EC57DC827}.MinSizeRel|Mixed Platforms.ActiveCfg = Release|Any CPU
		{D5997AAB-8A79-4A15-BC2F-950EC57DC827}.MinSizeRel|Mixed Platforms.Build.0 = Release|Any CPU
		{D5997AAB-8A79-4A15-BC2F-950EC57DC827}.MinSizeRel|Win32.ActiveCfg = Release|Any CPU
		{D5997AAB-8A79-4A15-BC2F-950EC57DC827}.MinSizeRel|Win32.Build.0 = Release|Any CPU
		{D5997AAB-8A79-4A15-BC2F-950EC57DC827}.MinSizeRel|x64.ActiveCfg = Release|Any CPU
		{D5997AAB-8A79-4A15-BC2F-950EC57DC827}.MinSizeRel|x64.Build.0 = Release|Any CPU
		{D5997AAB-8A79-4A15-BC2F-950EC57DC827}.Release|Any CPU.ActiveCfg = Release|Any CPU
		{D5997AAB-8A79-4A15-BC2F-950EC57DC827}.Release|Any CPU.Build.0 = Release|Any CPU
		{D5997AAB-8A79-4A15-BC2F-950EC57DC827}.Release|Mixed Platforms.ActiveCfg = Release|Any CPU
		{D5997AAB-8A79-4A15-BC2F-950EC57DC827}.Release|Mixed Platforms.Build.0 = Release|Any CPU
		{D5997AAB-8A79-4A15-BC2F-950EC57DC827}.Release|Win32.ActiveCfg = Release|Any CPU
		{D5997AAB-8A79-4A15-BC2F-950EC57DC827}.Release|Win32.Build.0 = Release|Any CPU
		{D5997AAB-8A79-4A15-BC2F-950EC57DC827}.Release|x64.ActiveCfg = Release|Any CPU
		{D5997AAB-8A79-4A15-BC2F-950EC57DC827}.Release|x64.Build.0 = Release|Any CPU
		{D5997AAB-8A79-4A15-BC2F-950EC57DC827}.RelWithDebInfo|Any CPU.ActiveCfg = Release|Any CPU
		{D5997AAB-8A79-4A15-BC2F-950EC57DC827}.RelWithDebInfo|Any CPU.Build.0 = Release|Any CPU
		{D5997AAB-8A79-4A15-BC2F-950EC57DC827}.RelWithDebInfo|Mixed Platforms.ActiveCfg = Release|Any CPU
		{D5997AAB-8A79-4A15-BC2F-950EC57DC827}.RelWithDebInfo|Mixed Platforms.Build.0 = Release|Any CPU
		{D5997AAB-8A79-4A15-BC2F-950EC57DC827}.RelWithDebInfo|Win32.ActiveCfg = Release|Any CPU
		{D5997AAB-8A79-4A15-BC2F-950EC57DC827}.RelWithDebInfo|Win32.Build.0 = Release|Any CPU
		{D5997AAB-8A79-4A15-BC2F-950EC57DC827}.RelWithDebInfo|x64.ActiveCfg = Release|Any CPU
		{D5997AAB-8A79-4A15-BC2F-950EC57DC827}.RelWithDebInfo|x64.Build.0 = Release|Any CPU
		{BABDC7D5-AFA0-4248-BBFB-4D002DC3E047}.Debug|Any CPU.ActiveCfg = Debug|Any CPU
		{BABDC7D5-AFA0-4248-BBFB-4D002DC3E047}.Debug|Any CPU.Build.0 = Debug|Any CPU
		{BABDC7D5-AFA0-4248-BBFB-4D002DC3E047}.Debug|Mixed Platforms.ActiveCfg = Debug|Any CPU
		{BABDC7D5-AFA0-4248-BBFB-4D002DC3E047}.Debug|Mixed Platforms.Build.0 = Debug|Any CPU
		{BABDC7D5-AFA0-4248-BBFB-4D002DC3E047}.Debug|Win32.ActiveCfg = Debug|Any CPU
		{BABDC7D5-AFA0-4248-BBFB-4D002DC3E047}.Debug|Win32.Build.0 = Debug|Any CPU
		{BABDC7D5-AFA0-4248-BBFB-4D002DC3E047}.Debug|x64.ActiveCfg = Debug|Any CPU
		{BABDC7D5-AFA0-4248-BBFB-4D002DC3E047}.Debug|x64.Build.0 = Debug|Any CPU
		{BABDC7D5-AFA0-4248-BBFB-4D002DC3E047}.MinSizeRel|Any CPU.ActiveCfg = Release|Any CPU
		{BABDC7D5-AFA0-4248-BBFB-4D002DC3E047}.MinSizeRel|Any CPU.Build.0 = Release|Any CPU
		{BABDC7D5-AFA0-4248-BBFB-4D002DC3E047}.MinSizeRel|Mixed Platforms.ActiveCfg = Release|Any CPU
		{BABDC7D5-AFA0-4248-BBFB-4D002DC3E047}.MinSizeRel|Mixed Platforms.Build.0 = Release|Any CPU
		{BABDC7D5-AFA0-4248-BBFB-4D002DC3E047}.MinSizeRel|Win32.ActiveCfg = Release|Any CPU
		{BABDC7D5-AFA0-4248-BBFB-4D002DC3E047}.MinSizeRel|Win32.Build.0 = Release|Any CPU
		{BABDC7D5-AFA0-4248-BBFB-4D002DC3E047}.MinSizeRel|x64.ActiveCfg = Release|Any CPU
		{BABDC7D5-AFA0-4248-BBFB-4D002DC3E047}.MinSizeRel|x64.Build.0 = Release|Any CPU
		{BABDC7D5-AFA0-4248-BBFB-4D002DC3E047}.Release|Any CPU.ActiveCfg = Release|Any CPU
		{BABDC7D5-AFA0-4248-BBFB-4D002DC3E047}.Release|Any CPU.Build.0 = Release|Any CPU
		{BABDC7D5-AFA0-4248-BBFB-4D002DC3E047}.Release|Mixed Platforms.ActiveCfg = Release|Any CPU
		{BABDC7D5-AFA0-4248-BBFB-4D002DC3E047}.Release|Mixed Platforms.Build.0 = Release|Any CPU
		{BABDC7D5-AFA0-4248-BBFB-4D002DC3E047}.Release|Win32.ActiveCfg = Release|Any CPU
		{BABDC7D5-AFA0-4248-BBFB-4D002DC3E047}.Release|Win32.Build.0 = Release|Any CPU
		{BABDC7D5-AFA0-4248-BBFB-4D002DC3E047}.Release|x64.ActiveCfg = Release|Any CPU
		{BABDC7D5-AFA0-4248-BBFB-4D002DC3E047}.Release|x64.Build.0 = Release|Any CPU
		{BABDC7D5-AFA0-4248-BBFB-4D002DC3E047}.RelWithDebInfo|Any CPU.ActiveCfg = Release|Any CPU
		{BABDC7D5-AFA0-4248-BBFB-4D002DC3E047}.RelWithDebInfo|Any CPU.Build.0 = Release|Any CPU
		{BABDC7D5-AFA0-4248-BBFB-4D002DC3E047}.RelWithDebInfo|Mixed Platforms.ActiveCfg = Release|Any CPU
		{BABDC7D5-AFA0-4248-BBFB-4D002DC3E047}.RelWithDebInfo|Mixed Platforms.Build.0 = Release|Any CPU
		{BABDC7D5-AFA0-4248-BBFB-4D002DC3E047}.RelWithDebInfo|Win32.ActiveCfg = Release|Any CPU
		{BABDC7D5-AFA0-4248-BBFB-4D002DC3E047}.RelWithDebInfo|Win32.Build.0 = Release|Any CPU
		{BABDC7D5-AFA0-4248-BBFB-4D002DC3E047}.RelWithDebInfo|x64.ActiveCfg = Release|Any CPU
		{BABDC7D5-AFA0-4248-BBFB-4D002DC3E047}.RelWithDebInfo|x64.Build.0 = Release|Any CPU
	EndGlobalSection
	GlobalSection(SolutionProperties) = preSolution
		HideSolutionNode = FALSE
	EndGlobalSection
EndGlobal
